
Microsoft Visual Studio Solution File, Format Version 12.00
# Visual Studio Version 17
VisualStudioVersion = 17.8.34525.116
MinimumVisualStudioVersion = 10.0.40219.1
Project("{FAE04EC0-301F-11D3-BF4B-00C04F79EFBC}") = "ConsoleAppÁrea", "ConsoleAppÁrea\ConsoleAppÁrea.csproj", "{148FA62C-383C-420B-8C02-5390E5CC3E1C}"
EndProject
Global
	GlobalSection(SolutionConfigurationPlatforms) = preSolution
		Debug|Any CPU = Debug|Any CPU
		Release|Any CPU = Release|Any CPU
	EndGlobalSection
	GlobalSection(ProjectConfigurationPlatforms) = postSolution
		{148FA62C-383C-420B-8C02-5390E5CC3E1C}.Debug|Any CPU.ActiveCfg = Debug|Any CPU
		{148FA62C-383C-420B-8C02-5390E5CC3E1C}.Debug|Any CPU.Build.0 = Debug|Any CPU
		{148FA62C-383C-420B-8C02-5390E5CC3E1C}.Release|Any CPU.ActiveCfg = Release|Any CPU
		{148FA62C-383C-420B-8C02-5390E5CC3E1C}.Release|Any CPU.Build.0 = Release|Any CPU
	EndGlobalSection
	GlobalSection(SolutionProperties) = preSolution
		HideSolutionNode = FALSE
	EndGlobalSection
	GlobalSection(ExtensibilityGlobals) = postSolution
		SolutionGuid = {6A31CB90-036E-44E0-A200-6DE411B52C7E}
	EndGlobalSection
EndGlobal
